
Microsoft Visual Studio Solution File, Format Version 12.00
# Visual Studio Version 17
VisualStudioVersion = 17.3.32922.545
MinimumVisualStudioVersion = 10.0.40219.1
Project("{FAE04EC0-301F-11D3-BF4B-00C04F79EFBC}") = "RockPaperScissors", "RockPaperScissors\RockPaperScissors.csproj", "{19F80F21-36AE-4F01-BC0D-BD91FD4A8F00}"
EndProject
Global
	GlobalSection(SolutionConfigurationPlatforms) = preSolution
		Debug|Any CPU = Debug|Any CPU
		Release|Any CPU = Release|Any CPU
	EndGlobalSection
	GlobalSection(ProjectConfigurationPlatforms) = postSolution
		{19F80F21-36AE-4F01-BC0D-BD91FD4A8F00}.Debug|Any CPU.ActiveCfg = Debug|Any CPU
		{19F80F21-36AE-4F01-BC0D-BD91FD4A8F00}.Debug|Any CPU.Build.0 = Debug|Any CPU
		{19F80F21-36AE-4F01-BC0D-BD91FD4A8F00}.Release|Any CPU.ActiveCfg = Release|Any CPU
		{19F80F21-36AE-4F01-BC0D-BD91FD4A8F00}.Release|Any CPU.Build.0 = Release|Any CPU
	EndGlobalSection
	GlobalSection(SolutionProperties) = preSolution
		HideSolutionNode = FALSE
	EndGlobalSection
	GlobalSection(ExtensibilityGlobals) = postSolution
		SolutionGuid = {12F41855-BF21-4C41-B33A-B94C6DBAE092}
	EndGlobalSection
EndGlobal
